{
  "name": "gasket-js",
  "version": "0.0.1",
  "lockfileVersion": 1,
  "requires": true,
  "dependencies": {
    "@types/node": {
      "version": "17.0.23",
      "resolved": "https://registry.npmjs.org/@types/node/-/node-17.0.23.tgz",
      "integrity": "sha512-UxDxWn7dl97rKVeVS61vErvw086aCYhDLyvRQZ5Rk65rZKepaFdm53GeqXaKBuOhED4e9uWq34IC3TdSdJJ2Gw==",
      "dev": true
    },
    "dxf-writer": {
      "version": "1.16.0",
      "resolved": "https://registry.npmjs.org/dxf-writer/-/dxf-writer-1.16.0.tgz",
      "integrity": "sha512-D3ou2rCv9zMExjJ6ePAM9yWjdQt/lfYHKv3FrZ8A+ymc9ANnsMRUdSOtUNojjwamC2RH3EVgAf7tTS7Ner5FlQ=="
    }
  }
}
